// !$*UTF8*$!
{
	archiveVersion = 1;
	classes = {
	};
	objectVersion = 50;
	objects = {

/* Begin PBXBuildFile section */
		87627922220A13CB005C6DD3 /* AppDelegate.swift in Sources */ = {isa = PBXBuildFile; fileRef = 87627921220A13CB005C6DD3 /* AppDelegate.swift */; };
		87627924220A13CB005C6DD3 /* ViewController.swift in Sources */ = {isa = PBXBuildFile; fileRef = 87627923220A13CB005C6DD3 /* ViewController.swift */; };
		87627927220A13CB005C6DD3 /* Main.storyboard in Resources */ = {isa = PBXBuildFile; fileRef = 87627925220A13CB005C6DD3 /* Main.storyboard */; };
		87627929220A13CD005C6DD3 /* Assets.xcassets in Resources */ = {isa = PBXBuildFile; fileRef = 87627928220A13CD005C6DD3 /* Assets.xcassets */; };
		8762792C220A13CD005C6DD3 /* LaunchScreen.storyboard in Resources */ = {isa = PBXBuildFile; fileRef = 8762792A220A13CD005C6DD3 /* LaunchScreen.storyboard */; };
		87627937220A13CD005C6DD3 /* DogClassificationUsingCoreMLAndVisionTests.swift in Sources */ = {isa = PBXBuildFile; fileRef = 87627936220A13CD005C6DD3 /* DogClassificationUsingCoreMLAndVisionTests.swift */; };
		87627942220A13CD005C6DD3 /* DogClassificationUsingCoreMLAndVisionUITests.swift in Sources */ = {isa = PBXBuildFile; fileRef = 87627941220A13CD005C6DD3 /* DogClassificationUsingCoreMLAndVisionUITests.swift */; };
/* End PBXBuildFile section */

/* Begin PBXContainerItemProxy section */
		87627933220A13CD005C6DD3 /* PBXContainerItemProxy */ = {
			isa = PBXContainerItemProxy;
			containerPortal = 87627916220A13CA005C6DD3 /* Project object */;
			proxyType = 1;
			remoteGlobalIDString = 8762791D220A13CB005C6DD3;
			remoteInfo = DogClassificationUsingCoreMLAndVision;
		};
		8762793E220A13CD005C6DD3 /* PBXContainerItemProxy */ = {
			isa = PBXContainerItemProxy;
			containerPortal = 87627916220A13CA005C6DD3 /* Project object */;
			proxyType = 1;
			remoteGlobalIDString = 8762791D220A13CB005C6DD3;
			remoteInfo = DogClassificationUsingCoreMLAndVision;
		};
/* End PBXContainerItemProxy section */

/* Begin PBXFileReference section */
		8762791E220A13CB005C6DD3 /* DogClassificationUsingCoreMLAndVision.app */ = {isa = PBXFileReference; explicitFileType = wrapper.application; includeInIndex = 0; path = DogClassificationUsingCoreMLAndVision.app; sourceTree = BUILT_PRODUCTS_DIR; };
		87627921220A13CB005C6DD3 /* AppDelegate.swift */ = {isa = PBXFileReference; lastKnownFileType = sourcecode.swift; path = AppDelegate.swift; sourceTree = "<group>"; };
		87627923220A13CB005C6DD3 /* ViewController.swift */ = {isa = PBXFileReference; lastKnownFileType = sourcecode.swift; path = ViewController.swift; sourceTree = "<group>"; };
		87627926220A13CB005C6DD3 /* Base */ = {isa = PBXFileReference; lastKnownFileType = file.storyboard; name = Base; path = Base.lproj/Main.storyboard; sourceTree = "<group>"; };
		87627928220A13CD005C6DD3 /* Assets.xcassets */ = {isa = PBXFileReference; lastKnownFileType = folder.assetcatalog; path = Assets.xcassets; sourceTree = "<group>"; };
		8762792B220A13CD005C6DD3 /* Base */ = {isa = PBXFileReference; lastKnownFileType = file.storyboard; name = Base; path = Base.lproj/LaunchScreen.storyboard; sourceTree = "<group>"; };
		8762792D220A13CD005C6DD3 /* Info.plist */ = {isa = PBXFileReference; lastKnownFileType = text.plist.xml; path = Info.plist; sourceTree = "<group>"; };
		87627932220A13CD005C6DD3 /* DogClassificationUsingCoreMLAndVisionTests.xctest */ = {isa = PBXFileReference; explicitFileType = wrapper.cfbundle; includeInIndex = 0; path = DogClassificationUsingCoreMLAndVisionTests.xctest; sourceTree = BUILT_PRODUCTS_DIR; };
		87627936220A13CD005C6DD3 /* DogClassificationUsingCoreMLAndVisionTests.swift */ = {isa = PBXFileReference; lastKnownFileType = sourcecode.swift; path = DogClassificationUsingCoreMLAndVisionTests.swift; sourceTree = "<group>"; };
		87627938220A13CD005C6DD3 /* Info.plist */ = {isa = PBXFileReference; lastKnownFileType = text.plist.xml; path = Info.plist; sourceTree = "<group>"; };
		8762793D220A13CD005C6DD3 /* DogClassificationUsingCoreMLAndVisionUITests.xctest */ = {isa = PBXFileReference; explicitFileType = wrapper.cfbundle; includeInIndex = 0; path = DogClassificationUsingCoreMLAndVisionUITests.xctest; sourceTree = BUILT_PRODUCTS_DIR; };
		87627941220A13CD005C6DD3 /* DogClassificationUsingCoreMLAndVisionUITests.swift */ = {isa = PBXFileReference; lastKnownFileType = sourcecode.swift; path = DogClassificationUsingCoreMLAndVisionUITests.swift; sourceTree = "<group>"; };
		87627943220A13CE005C6DD3 /* Info.plist */ = {isa = PBXFileReference; lastKnownFileType = text.plist.xml; path = Info.plist; sourceTree = "<group>"; };
/* End PBXFileReference section */

/* Begin PBXFrameworksBuildPhase section */
		8762791B220A13CB005C6DD3 /* Frameworks */ = {
			isa = PBXFrameworksBuildPhase;
			buildActionMask = 2147483647;
			files = (
			);
			runOnlyForDeploymentPostprocessing = 0;
		};
		8762792F220A13CD005C6DD3 /* Frameworks */ = {
			isa = PBXFrameworksBuildPhase;
			buildActionMask = 2147483647;
			files = (
			);
			runOnlyForDeploymentPostprocessing = 0;
		};
		8762793A220A13CD005C6DD3 /* Frameworks */ = {
			isa = PBXFrameworksBuildPhase;
			buildActionMask = 2147483647;
			files = (
			);
			runOnlyForDeploymentPostprocessing = 0;
		};
/* End PBXFrameworksBuildPhase section */

/* Begin PBXGroup section */
		87627915220A13CA005C6DD3 = {
			isa = PBXGroup;
			children = (
				87627920220A13CB005C6DD3 /* DogClassificationUsingCoreMLAndVision */,
				87627935220A13CD005C6DD3 /* DogClassificationUsingCoreMLAndVisionTests */,
				87627940220A13CD005C6DD3 /* DogClassificationUsingCoreMLAndVisionUITests */,
				8762791F220A13CB005C6DD3 /* Products */,
			);
			sourceTree = "<group>";
		};
		8762791F220A13CB005C6DD3 /* Products */ = {
			isa = PBXGroup;
			children = (
				8762791E220A13CB005C6DD3 /* DogClassificationUsingCoreMLAndVision.app */,
				87627932220A13CD005C6DD3 /* DogClassificationUsingCoreMLAndVisionTests.xctest */,
				8762793D220A13CD005C6DD3 /* DogClassificationUsingCoreMLAndVisionUITests.xctest */,
			);
			name = Products;
			sourceTree = "<group>";
		};
		87627920220A13CB005C6DD3 /* DogClassificationUsingCoreMLAndVision */ = {
			isa = PBXGroup;
			children = (
				87627921220A13CB005C6DD3 /* AppDelegate.swift */,
				87627923220A13CB005C6DD3 /* ViewController.swift */,
				87627925220A13CB005C6DD3 /* Main.storyboard */,
				87627928220A13CD005C6DD3 /* Assets.xcassets */,
				8762792A220A13CD005C6DD3 /* LaunchScreen.storyboard */,
				8762792D220A13CD005C6DD3 /* Info.plist */,
			);
			path = DogClassificationUsingCoreMLAndVision;
			sourceTree = "<group>";
		};
		87627935220A13CD005C6DD3 /* DogClassificationUsingCoreMLAndVisionTests */ = {
			isa = PBXGroup;
			children = (
				87627936220A13CD005C6DD3 /* DogClassificationUsingCoreMLAndVisionTests.swift */,
				87627938220A13CD005C6DD3 /* Info.plist */,
			);
			path = DogClassificationUsingCoreMLAndVisionTests;
			sourceTree = "<group>";
		};
		87627940220A13CD005C6DD3 /* DogClassificationUsingCoreMLAndVisionUITests */ = {
			isa = PBXGroup;
			children = (
				87627941220A13CD005C6DD3 /* DogClassificationUsingCoreMLAndVisionUITests.swift */,
				87627943220A13CE005C6DD3 /* Info.plist */,
			);
			path = DogClassificationUsingCoreMLAndVisionUITests;
			sourceTree = "<group>";
		};
/* End PBXGroup section */

/* Begin PBXNativeTarget section */
		8762791D220A13CB005C6DD3 /* DogClassificationUsingCoreMLAndVision */ = {
			isa = PBXNativeTarget;
			buildConfigurationList = 87627946220A13CE005C6DD3 /* Build configuration list for PBXNativeTarget "DogClassificationUsingCoreMLAndVision" */;
			buildPhases = (
				8762791A220A13CB005C6DD3 /* Sources */,
				8762791B220A13CB005C6DD3 /* Frameworks */,
				8762791C220A13CB005C6DD3 /* Resources */,
			);
			buildRules = (
			);
			dependencies = (
			);
			name = DogClassificationUsingCoreMLAndVision;
			productName = DogClassificationUsingCoreMLAndVision;
			productReference = 8762791E220A13CB005C6DD3 /* DogClassificationUsingCoreMLAndVision.app */;
			productType = "com.apple.product-type.application";
		};
		87627931220A13CD005C6DD3 /* DogClassificationUsingCoreMLAndVisionTests */ = {
			isa = PBXNativeTarget;
			buildConfigurationList = 87627949220A13CE005C6DD3 /* Build configuration list for PBXNativeTarget "DogClassificationUsingCoreMLAndVisionTests" */;
			buildPhases = (
				8762792E220A13CD005C6DD3 /* Sources */,
				8762792F220A13CD005C6DD3 /* Frameworks */,
				87627930220A13CD005C6DD3 /* Resources */,
			);
			buildRules = (
			);
			dependencies = (
				87627934220A13CD005C6DD3 /* PBXTargetDependency */,
			);
			name = DogClassificationUsingCoreMLAndVisionTests;
			productName = DogClassificationUsingCoreMLAndVisionTests;
			productReference = 87627932220A13CD005C6DD3 /* DogClassificationUsingCoreMLAndVisionTests.xctest */;
			productType = "com.apple.product-type.bundle.unit-test";
		};
		8762793C220A13CD005C6DD3 /* DogClassificationUsingCoreMLAndVisionUITests */ = {
			isa = PBXNativeTarget;
			buildConfigurationList = 8762794C220A13CE005C6DD3 /* Build configuration list for PBXNativeTarget "DogClassificationUsingCoreMLAndVisionUITests" */;
			buildPhases = (
				87627939220A13CD005C6DD3 /* Sources */,
				8762793A220A13CD005C6DD3 /* Frameworks */,
				8762793B220A13CD005C6DD3 /* Resources */,
			);
			buildRules = (
			);
			dependencies = (
				8762793F220A13CD005C6DD3 /* PBXTargetDependency */,
			);
			name = DogClassificationUsingCoreMLAndVisionUITests;
			productName = DogClassificationUsingCoreMLAndVisionUITests;
			productReference = 8762793D220A13CD005C6DD3 /* DogClassificationUsingCoreMLAndVisionUITests.xctest */;
			productType = "com.apple.product-type.bundle.ui-testing";
		};
/* End PBXNativeTarget section */

/* Begin PBXProject section */
		87627916220A13CA005C6DD3 /* Project object */ = {
			isa = PBXProject;
			attributes = {
				LastSwiftUpdateCheck = 1010;
				LastUpgradeCheck = 1010;
				ORGANIZATIONNAME = 4A5;
				TargetAttributes = {
					8762791D220A13CB005C6DD3 = {
						CreatedOnToolsVersion = 10.1;
					};
					87627931220A13CD005C6DD3 = {
						CreatedOnToolsVersion = 10.1;
						TestTargetID = 8762791D220A13CB005C6DD3;
					};
					8762793C220A13CD005C6DD3 = {
						CreatedOnToolsVersion = 10.1;
						TestTargetID = 8762791D220A13CB005C6DD3;
					};
				};
			};
			buildConfigurationList = 87627919220A13CA005C6DD3 /* Build configuration list for PBXProject "DogClassificationUsingCoreMLAndVision" */;
			compatibilityVersion = "Xcode 9.3";
			developmentRegion = en;
			hasScannedForEncodings = 0;
			knownRegions = (
				en,
				Base,
			);
			mainGroup = 87627915220A13CA005C6DD3;
			productRefGroup = 8762791F220A13CB005C6DD3 /* Products */;
			projectDirPath = "";
			projectRoot = "";
			targets = (
				8762791D220A13CB005C6DD3 /* DogClassificationUsingCoreMLAndVision */,
				87627931220A13CD005C6DD3 /* DogClassificationUsingCoreMLAndVisionTests */,
				8762793C220A13CD005C6DD3 /* DogClassificationUsingCoreMLAndVisionUITests */,
			);
		};
/* End PBXProject section */

/* Begin PBXResourcesBuildPhase section */
		8762791C220A13CB005C6DD3 /* Resources */ = {
			isa = PBXResourcesBuildPhase;
			buildActionMask = 2147483647;
			files = (
				8762792C220A13CD005C6DD3 /* LaunchScreen.storyboard in Resources */,
				87627929220A13CD005C6DD3 /* Assets.xcassets in Resources */,
				87627927220A13CB005C6DD3 /* Main.storyboard in Resources */,
			);
			runOnlyForDeploymentPostprocessing = 0;
		};
		87627930220A13CD005C6DD3 /* Resources */ = {
			isa = PBXResourcesBuildPhase;
			buildActionMask = 2147483647;
			files = (
			);
			runOnlyForDeploymentPostprocessing = 0;
		};
		8762793B220A13CD005C6DD3 /* Resources */ = {
			isa = PBXResourcesBuildPhase;
			buildActionMask = 2147483647;
			files = (
			);
			runOnlyForDeploymentPostprocessing = 0;
		};
/* End PBXResourcesBuildPhase section */

/* Begin PBXSourcesBuildPhase section */
		8762791A220A13CB005C6DD3 /* Sources */ = {
			isa = PBXSourcesBuildPhase;
			buildActionMask = 2147483647;
			files = (
				87627924220A13CB005C6DD3 /* ViewController.swift in Sources */,
				87627922220A13CB005C6DD3 /* AppDelegate.swift in Sources */,
			);
			runOnlyForDeploymentPostprocessing = 0;
		};
		8762792E220A13CD005C6DD3 /* Sources */ = {
			isa = PBXSourcesBuildPhase;
			buildActionMask = 2147483647;
			files = (
				87627937220A13CD005C6DD3 /* DogClassificationUsingCoreMLAndVisionTests.swift in Sources */,
			);
			runOnlyForDeploymentPostprocessing = 0;
		};
		87627939220A13CD005C6DD3 /* Sources */ = {
			isa = PBXSourcesBuildPhase;
			buildActionMask = 2147483647;
			files = (
				87627942220A13CD005C6DD3 /* DogClassificationUsingCoreMLAndVisionUITests.swift in Sources */,
			);
			runOnlyForDeploymentPostprocessing = 0;
		};
/* End PBXSourcesBuildPhase section */

/* Begin PBXTargetDependency section */
		87627934220A13CD005C6DD3 /* PBXTargetDependency */ = {
			isa = PBXTargetDependency;
			target = 8762791D220A13CB005C6DD3 /* DogClassificationUsingCoreMLAndVision */;
			targetProxy = 87627933220A13CD005C6DD3 /* PBXContainerItemProxy */;
		};
		8762793F220A13CD005C6DD3 /* PBXTargetDependency */ = {
			isa = PBXTargetDependency;
			target = 8762791D220A13CB005C6DD3 /* DogClassificationUsingCoreMLAndVision */;
			targetProxy = 8762793E220A13CD005C6DD3 /* PBXContainerItemProxy */;
		};
/* End PBXTargetDependency section */

/* Begin PBXVariantGroup section */
		87627925220A13CB005C6DD3 /* Main.storyboard */ = {
			isa = PBXVariantGroup;
			children = (
				87627926220A13CB005C6DD3 /* Base */,
			);
			name = Main.storyboard;
			sourceTree = "<group>";
		};
		8762792A220A13CD005C6DD3 /* LaunchScreen.storyboard */ = {
			isa = PBXVariantGroup;
			children = (
				8762792B220A13CD005C6DD3 /* Base */,
			);
			name = LaunchScreen.storyboard;
			sourceTree = "<group>";
		};
/* End PBXVariantGroup section */

/* Begin XCBuildConfiguration section */
		87627944220A13CE005C6DD3 /* Debug */ = {
			isa = XCBuildConfiguration;
			buildSettings = {
				ALWAYS_SEARCH_USER_PATHS = NO;
				CLANG_ANALYZER_NONNULL = YES;
				CLANG_ANALYZER_NUMBER_OBJECT_CONVERSION = YES_AGGRESSIVE;
				CLANG_CXX_LANGUAGE_STANDARD = "gnu++14";
				CLANG_CXX_LIBRARY = "libc++";
				CLANG_ENABLE_MODULES = YES;
				CLANG_ENABLE_OBJC_ARC = YES;
				CLANG_ENABLE_OBJC_WEAK = YES;
				CLANG_WARN_BLOCK_CAPTURE_AUTORELEASING = YES;
				CLANG_WARN_BOOL_CONVERSION = YES;
				CLANG_WARN_COMMA = YES;
				CLANG_WARN_CONSTANT_CONVERSION = YES;
				CLANG_WARN_DEPRECATED_OBJC_IMPLEMENTATIONS = YES;
				CLANG_WARN_DIRECT_OBJC_ISA_USAGE = YES_ERROR;
				CLANG_WARN_DOCUMENTATION_COMMENTS = YES;
				CLANG_WARN_EMPTY_BODY = YES;
				CLANG_WARN_ENUM_CONVERSION = YES;
				CLANG_WARN_INFINITE_RECURSION = YES;
				CLANG_WARN_INT_CONVERSION = YES;
				CLANG_WARN_NON_LITERAL_NULL_CONVERSION = YES;
				CLANG_WARN_OBJC_IMPLICIT_RETAIN_SELF = YES;
				CLANG_WARN_OBJC_LITERAL_CONVERSION = YES;
				CLANG_WARN_OBJC_ROOT_CLASS = YES_ERROR;
				CLANG_WARN_RANGE_LOOP_ANALYSIS = YES;
				CLANG_WARN_STRICT_PROTOTYPES = YES;
				CLANG_WARN_SUSPICIOUS_MOVE = YES;
				CLANG_WARN_UNGUARDED_AVAILABILITY = YES_AGGRESSIVE;
				CLANG_WARN_UNREACHABLE_CODE = YES;
				CLANG_WARN__DUPLICATE_METHOD_MATCH = YES;
				CODE_SIGN_IDENTITY = "iPhone Developer";
				COPY_PHASE_STRIP = NO;
				DEBUG_INFORMATION_FORMAT = dwarf;
				ENABLE_STRICT_OBJC_MSGSEND = YES;
				ENABLE_TESTABILITY = YES;
				GCC_C_LANGUAGE_STANDARD = gnu11;
				GCC_DYNAMIC_NO_PIC = NO;
				GCC_NO_COMMON_BLOCKS = YES;
				GCC_OPTIMIZATION_LEVEL = 0;
				GCC_PREPROCESSOR_DEFINITIONS = (
					"DEBUG=1",
					"$(inherited)",
				);
				GCC_WARN_64_TO_32_BIT_CONVERSION = YES;
				GCC_WARN_ABOUT_RETURN_TYPE = YES_ERROR;
				GCC_WARN_UNDECLARED_SELECTOR = YES;
				GCC_WARN_UNINITIALIZED_AUTOS = YES_AGGRESSIVE;
				GCC_WARN_UNUSED_FUNCTION = YES;
				GCC_WARN_UNUSED_VARIABLE = YES;
				IPHONEOS_DEPLOYMENT_TARGET = 12.1;
				MTL_ENABLE_DEBUG_INFO = INCLUDE_SOURCE;
				MTL_FAST_MATH = YES;
				ONLY_ACTIVE_ARCH = YES;
				SDKROOT = iphoneos;
				SWIFT_ACTIVE_COMPILATION_CONDITIONS = DEBUG;
				SWIFT_OPTIMIZATION_LEVEL = "-Onone";
			};
			name = Debug;
		};
		87627945220A13CE005C6DD3 /* Release */ = {
			isa = XCBuildConfiguration;
			buildSettings = {
				ALWAYS_SEARCH_USER_PATHS = NO;
				CLANG_ANALYZER_NONNULL = YES;
				CLANG_ANALYZER_NUMBER_OBJECT_CONVERSION = YES_AGGRESSIVE;
				CLANG_CXX_LANGUAGE_STANDARD = "gnu++14";
				CLANG_CXX_LIBRARY = "libc++";
				CLANG_ENABLE_MODULES = YES;
				CLANG_ENABLE_OBJC_ARC = YES;
				CLANG_ENABLE_OBJC_WEAK = YES;
				CLANG_WARN_BLOCK_CAPTURE_AUTORELEASING = YES;
				CLANG_WARN_BOOL_CONVERSION = YES;
				CLANG_WARN_COMMA = YES;
				CLANG_WARN_CONSTANT_CONVERSION = YES;
				CLANG_WARN_DEPRECATED_OBJC_IMPLEMENTATIONS = YES;
				CLANG_WARN_DIRECT_OBJC_ISA_USAGE = YES_ERROR;
				CLANG_WARN_DOCUMENTATION_COMMENTS = YES;
				CLANG_WARN_EMPTY_BODY = YES;
				CLANG_WARN_ENUM_CONVERSION = YES;
				CLANG_WARN_INFINITE_RECURSION = YES;
				CLANG_WARN_INT_CONVERSION = YES;
				CLANG_WARN_NON_LITERAL_NULL_CONVERSION = YES;
				CLANG_WARN_OBJC_IMPLICIT_RETAIN_SELF = YES;
				CLANG_WARN_OBJC_LITERAL_CONVERSION = YES;
				CLANG_WARN_OBJC_ROOT_CLASS = YES_ERROR;
				CLANG_WARN_RANGE_LOOP_ANALYSIS = YES;
				CLANG_WARN_STRICT_PROTOTYPES = YES;
				CLANG_WARN_SUSPICIOUS_MOVE = YES;
				CLANG_WARN_UNGUARDED_AVAILABILITY = YES_AGGRESSIVE;
				CLANG_WARN_UNREACHABLE_CODE = YES;
				CLANG_WARN__DUPLICATE_METHOD_MATCH = YES;
				CODE_SIGN_IDENTITY = "iPhone Developer";
				COPY_PHASE_STRIP = NO;
				DEBUG_INFORMATION_FORMAT = "dwarf-with-dsym";
				ENABLE_NS_ASSERTIONS = NO;
				ENABLE_STRICT_OBJC_MSGSEND = YES;
				GCC_C_LANGUAGE_STANDARD = gnu11;
				GCC_NO_COMMON_BLOCKS = YES;
				GCC_WARN_64_TO_32_BIT_CONVERSION = YES;
				GCC_WARN_ABOUT_RETURN_TYPE = YES_ERROR;
				GCC_WARN_UNDECLARED_SELECTOR = YES;
				GCC_WARN_UNINITIALIZED_AUTOS = YES_AGGRESSIVE;
				GCC_WARN_UNUSED_FUNCTION = YES;
				GCC_WARN_UNUSED_VARIABLE = YES;
				IPHONEOS_DEPLOYMENT_TARGET = 12.1;
				MTL_ENABLE_DEBUG_INFO = NO;
				MTL_FAST_MATH = YES;
				SDKROOT = iphoneos;
				SWIFT_COMPILATION_MODE = wholemodule;
				SWIFT_OPTIMIZATION_LEVEL = "-O";
				VALIDATE_PRODUCT = YES;
			};
			name = Release;
		};
		87627947220A13CE005C6DD3 /* Debug */ = {
			isa = XCBuildConfiguration;
			buildSettings = {
				ASSETCATALOG_COMPILER_APPICON_NAME = AppIcon;
				CODE_SIGN_STYLE = Automatic;
				DEVELOPMENT_TEAM = UF8RZLCWR2;
				INFOPLIST_FILE = DogClassificationUsingCoreMLAndVision/Info.plist;
				LD_RUNPATH_SEARCH_PATHS = (
					"$(inherited)",
					"@executable_path/Frameworks",
				);
				PRODUCT_BUNDLE_IDENTIFIER = com.4A5.DogClassificationUsingCoreMLAndVision;
				PRODUCT_NAME = "$(TARGET_NAME)";
				SWIFT_VERSION = 4.2;
				TARGETED_DEVICE_FAMILY = "1,2";
			};
			name = Debug;
		};
		87627948220A13CE005C6DD3 /* Release */ = {
			isa = XCBuildConfiguration;
			buildSettings = {
				ASSETCATALOG_COMPILER_APPICON_NAME = AppIcon;
				CODE_SIGN_STYLE = Automatic;
				DEVELOPMENT_TEAM = UF8RZLCWR2;
				INFOPLIST_FILE = DogClassificationUsingCoreMLAndVision/Info.plist;
				LD_RUNPATH_SEARCH_PATHS = (
					"$(inherited)",
					"@executable_path/Frameworks",
				);
				PRODUCT_BUNDLE_IDENTIFIER = com.4A5.DogClassificationUsingCoreMLAndVision;
				PRODUCT_NAME = "$(TARGET_NAME)";
				SWIFT_VERSION = 4.2;
				TARGETED_DEVICE_FAMILY = "1,2";
			};
			name = Release;
		};
		8762794A220A13CE005C6DD3 /* Debug */ = {
			isa = XCBuildConfiguration;
			buildSettings = {
				ALWAYS_EMBED_SWIFT_STANDARD_LIBRARIES = YES;
				BUNDLE_LOADER = "$(TEST_HOST)";
				CODE_SIGN_STYLE = Automatic;
				DEVELOPMENT_TEAM = UF8RZLCWR2;
				INFOPLIST_FILE = DogClassificationUsingCoreMLAndVisionTests/Info.plist;
				LD_RUNPATH_SEARCH_PATHS = (
					"$(inherited)",
					"@executable_path/Frameworks",
					"@loader_path/Frameworks",
				);
				PRODUCT_BUNDLE_IDENTIFIER = com.4A5.DogClassificationUsingCoreMLAndVisionTests;
				PRODUCT_NAME = "$(TARGET_NAME)";
				SWIFT_VERSION = 4.2;
				TARGETED_DEVICE_FAMILY = "1,2";
				TEST_HOST = "$(BUILT_PRODUCTS_DIR)/DogClassificationUsingCoreMLAndVision.app/DogClassificationUsingCoreMLAndVision";
			};
			name = Debug;
		};
		8762794B220A13CE005C6DD3 /* Release */ = {
			isa = XCBuildConfiguration;
			buildSettings = {
				ALWAYS_EMBED_SWIFT_STANDARD_LIBRARIES = YES;
				BUNDLE_LOADER = "$(TEST_HOST)";
				CODE_SIGN_STYLE = Automatic;
				DEVELOPMENT_TEAM = UF8RZLCWR2;
				INFOPLIST_FILE = DogClassificationUsingCoreMLAndVisionTests/Info.plist;
				LD_RUNPATH_SEARCH_PATHS = (
					"$(inherited)",
					"@executable_path/Frameworks",
					"@loader_path/Frameworks",
				);
				PRODUCT_BUNDLE_IDENTIFIER = com.4A5.DogClassificationUsingCoreMLAndVisionTests;
				PRODUCT_NAME = "$(TARGET_NAME)";
				SWIFT_VERSION = 4.2;
				TARGETED_DEVICE_FAMILY = "1,2";
				TEST_HOST = "$(BUILT_PRODUCTS_DIR)/DogClassificationUsingCoreMLAndVision.app/DogClassificationUsingCoreMLAndVision";
			};
			name = Release;
		};
		8762794D220A13CE005C6DD3 /* Debug */ = {
			isa = XCBuildConfiguration;
			buildSettings = {
				ALWAYS_EMBED_SWIFT_STANDARD_LIBRARIES = YES;
				CODE_SIGN_STYLE = Automatic;
				DEVELOPMENT_TEAM = UF8RZLCWR2;
				INFOPLIST_FILE = DogClassificationUsingCoreMLAndVisionUITests/Info.plist;
				LD_RUNPATH_SEARCH_PATHS = (
					"$(inherited)",
					"@executable_path/Frameworks",
					"@loader_path/Frameworks",
				);
				PRODUCT_BUNDLE_IDENTIFIER = com.4A5.DogClassificationUsingCoreMLAndVisionUITests;
				PRODUCT_NAME = "$(TARGET_NAME)";
				SWIFT_VERSION = 4.2;
				TARGETED_DEVICE_FAMILY = "1,2";
				TEST_TARGET_NAME = DogClassificationUsingCoreMLAndVision;
			};
			name = Debug;
		};
		8762794E220A13CE005C6DD3 /* Release */ = {
			isa = XCBuildConfiguration;
			buildSettings = {
				ALWAYS_EMBED_SWIFT_STANDARD_LIBRARIES = YES;
				CODE_SIGN_STYLE = Automatic;
				DEVELOPMENT_TEAM = UF8RZLCWR2;
				INFOPLIST_FILE = DogClassificationUsingCoreMLAndVisionUITests/Info.plist;
				LD_RUNPATH_SEARCH_PATHS = (
					"$(inherited)",
					"@executable_path/Frameworks",
					"@loader_path/Frameworks",
				);
				PRODUCT_BUNDLE_IDENTIFIER = com.4A5.DogClassificationUsingCoreMLAndVisionUITests;
				PRODUCT_NAME = "$(TARGET_NAME)";
				SWIFT_VERSION = 4.2;
				TARGETED_DEVICE_FAMILY = "1,2";
				TEST_TARGET_NAME = DogClassificationUsingCoreMLAndVision;
			};
			name = Release;
		};
/* End XCBuildConfiguration section */

/* Begin XCConfigurationList section */
		87627919220A13CA005C6DD3 /* Build configuration list for PBXProject "DogClassificationUsingCoreMLAndVision" */ = {
			isa = XCConfigurationList;
			buildConfigurations = (
				87627944220A13CE005C6DD3 /* Debug */,
				87627945220A13CE005C6DD3 /* Release */,
			);
			defaultConfigurationIsVisible = 0;
			defaultConfigurationName = Release;
		};
		87627946220A13CE005C6DD3 /* Build configuration list for PBXNativeTarget "DogClassificationUsingCoreMLAndVision" */ = {
			isa = XCConfigurationList;
			buildConfigurations = (
				87627947220A13CE005C6DD3 /* Debug */,
				87627948220A13CE005C6DD3 /* Release */,
			);
			defaultConfigurationIsVisible = 0;
			defaultConfigurationName = Release;
		};
		87627949220A13CE005C6DD3 /* Build configuration list for PBXNativeTarget "DogClassificationUsingCoreMLAndVisionTests" */ = {
			isa = XCConfigurationList;
			buildConfigurations = (
				8762794A220A13CE005C6DD3 /* Debug */,
				8762794B220A13CE005C6DD3 /* Release */,
			);
			defaultConfigurationIsVisible = 0;
			defaultConfigurationName = Release;
		};
		8762794C220A13CE005C6DD3 /* Build configuration list for PBXNativeTarget "DogClassificationUsingCoreMLAndVisionUITests" */ = {
			isa = XCConfigurationList;
			buildConfigurations = (
				8762794D220A13CE005C6DD3 /* Debug */,
				8762794E220A13CE005C6DD3 /* Release */,
			);
			defaultConfigurationIsVisible = 0;
			defaultConfigurationName = Release;
		};
/* End XCConfigurationList section */
	};
	rootObject = 87627916220A13CA005C6DD3 /* Project object */;
}
